
Microsoft Visual Studio Solution File, Format Version 12.00
# Visual Studio Version 16
VisualStudioVersion = 16.0.30611.23
MinimumVisualStudioVersion = 10.0.40219.1
Project("{FAE04EC0-301F-11D3-BF4B-00C04F79EFBC}") = "Moisi_Olivia_Debora_Lab5", "Moisi_Olivia_Debora_Lab5.csproj", "{DAA3268E-1AF0-4733-BDE8-3489B51CAA88}"
EndProject
Global
	GlobalSection(SolutionConfigurationPlatforms) = preSolution
		Debug|Any CPU = Debug|Any CPU
		Release|Any CPU = Release|Any CPU
	EndGlobalSection
	GlobalSection(ProjectConfigurationPlatforms) = postSolution
		{DAA3268E-1AF0-4733-BDE8-3489B51CAA88}.Debug|Any CPU.ActiveCfg = Debug|Any CPU
		{DAA3268E-1AF0-4733-BDE8-3489B51CAA88}.Debug|Any CPU.Build.0 = Debug|Any CPU
		{DAA3268E-1AF0-4733-BDE8-3489B51CAA88}.Release|Any CPU.ActiveCfg = Release|Any CPU
		{DAA3268E-1AF0-4733-BDE8-3489B51CAA88}.Release|Any CPU.Build.0 = Release|Any CPU
	EndGlobalSection
	GlobalSection(SolutionProperties) = preSolution
		HideSolutionNode = FALSE
	EndGlobalSection
	GlobalSection(ExtensibilityGlobals) = postSolution
		SolutionGuid = {631737CC-6EA2-4AED-BE4C-7CA5555030B1}
	EndGlobalSection
EndGlobal
